{
  "name": "frontend",
  "lockfileVersion": 2,
  "requires": true,
  "packages": {
    "": {
      "dependencies": {
        "birthday-check": "^2.1.7"
      }
    },
    "node_modules/birthday-check": {
      "version": "2.1.7",
      "resolved": "https://registry.npmjs.org/birthday-check/-/birthday-check-2.1.7.tgz",
      "integrity": "sha512-AEHcdpLnaowGM+mNOdkngispUxMha+Husei6ryAMvoqWFtJfdpDNaeCXkheuSEyebjMDc35s+E+Ank0w51L50A=="
    }
  },
  "dependencies": {
    "birthday-check": {
      "version": "2.1.7",
      "resolved": "https://registry.npmjs.org/birthday-check/-/birthday-check-2.1.7.tgz",
      "integrity": "sha512-AEHcdpLnaowGM+mNOdkngispUxMha+Husei6ryAMvoqWFtJfdpDNaeCXkheuSEyebjMDc35s+E+Ank0w51L50A=="
    }
  }
}
